// !$*UTF8*$!
{
	archiveVersion = 1;
	classes = {
	};
	objectVersion = 50;
	objects = {

/* Begin PBXBuildFile section */
		033D01C82751F9D400B75564 /* AppDelegate.swift in Sources */ = {isa = PBXBuildFile; fileRef = 033D01C72751F9D400B75564 /* AppDelegate.swift */; };
		033D01CA2751F9D400B75564 /* SceneDelegate.swift in Sources */ = {isa = PBXBuildFile; fileRef = 033D01C92751F9D400B75564 /* SceneDelegate.swift */; };
		033D01CC2751F9D400B75564 /* ViewController.swift in Sources */ = {isa = PBXBuildFile; fileRef = 033D01CB2751F9D400B75564 /* ViewController.swift */; };
		033D01CF2751F9D400B75564 /* Main.storyboard in Resources */ = {isa = PBXBuildFile; fileRef = 033D01CD2751F9D400B75564 /* Main.storyboard */; };
		033D01D12751F9D600B75564 /* Assets.xcassets in Resources */ = {isa = PBXBuildFile; fileRef = 033D01D02751F9D600B75564 /* Assets.xcassets */; };
		033D01D42751F9D600B75564 /* LaunchScreen.storyboard in Resources */ = {isa = PBXBuildFile; fileRef = 033D01D22751F9D600B75564 /* LaunchScreen.storyboard */; };
		521D037F27539B80005EF713 /* AlVw.gif in Resources */ = {isa = PBXBuildFile; fileRef = 521D037E27539B80005EF713 /* AlVw.gif */; };
/* End PBXBuildFile section */

/* Begin PBXFileReference section */
		033D01C42751F9D400B75564 /* whatsThis.app */ = {isa = PBXFileReference; explicitFileType = wrapper.application; includeInIndex = 0; path = whatsThis.app; sourceTree = BUILT_PRODUCTS_DIR; };
		033D01C72751F9D400B75564 /* AppDelegate.swift */ = {isa = PBXFileReference; lastKnownFileType = sourcecode.swift; path = AppDelegate.swift; sourceTree = "<group>"; };
		033D01C92751F9D400B75564 /* SceneDelegate.swift */ = {isa = PBXFileReference; lastKnownFileType = sourcecode.swift; path = SceneDelegate.swift; sourceTree = "<group>"; };
		033D01CB2751F9D400B75564 /* ViewController.swift */ = {isa = PBXFileReference; lastKnownFileType = sourcecode.swift; path = ViewController.swift; sourceTree = "<group>"; };
		033D01CE2751F9D400B75564 /* Base */ = {isa = PBXFileReference; lastKnownFileType = file.storyboard; name = Base; path = Base.lproj/Main.storyboard; sourceTree = "<group>"; };
		033D01D02751F9D600B75564 /* Assets.xcassets */ = {isa = PBXFileReference; lastKnownFileType = folder.assetcatalog; path = Assets.xcassets; sourceTree = "<group>"; };
		033D01D32751F9D600B75564 /* Base */ = {isa = PBXFileReference; lastKnownFileType = file.storyboard; name = Base; path = Base.lproj/LaunchScreen.storyboard; sourceTree = "<group>"; };
		033D01D52751F9D600B75564 /* Info.plist */ = {isa = PBXFileReference; lastKnownFileType = text.plist.xml; path = Info.plist; sourceTree = "<group>"; };
		521D037E27539B80005EF713 /* AlVw.gif */ = {isa = PBXFileReference; lastKnownFileType = image.gif; name = AlVw.gif; path = ../../../../Downloads/AlVw.gif; sourceTree = "<group>"; };
/* End PBXFileReference section */

/* Begin PBXFrameworksBuildPhase section */
		033D01C12751F9D400B75564 /* Frameworks */ = {
			isa = PBXFrameworksBuildPhase;
			buildActionMask = 2147483647;
			files = (
			);
			runOnlyForDeploymentPostprocessing = 0;
		};
/* End PBXFrameworksBuildPhase section */

/* Begin PBXGroup section */
		033D01BB2751F9D400B75564 = {
			isa = PBXGroup;
			children = (
				033D01C62751F9D400B75564 /* whatsThis */,
				033D01C52751F9D400B75564 /* Products */,
			);
			sourceTree = "<group>";
		};
		033D01C52751F9D400B75564 /* Products */ = {
			isa = PBXGroup;
			children = (
				033D01C42751F9D400B75564 /* whatsThis.app */,
			);
			name = Products;
			sourceTree = "<group>";
		};
		033D01C62751F9D400B75564 /* whatsThis */ = {
			isa = PBXGroup;
			children = (
				521D037D27539B74005EF713 /* Image */,
				521D037927539B08005EF713 /* Model */,
				033D01C72751F9D400B75564 /* AppDelegate.swift */,
				033D01C92751F9D400B75564 /* SceneDelegate.swift */,
				033D01CB2751F9D400B75564 /* ViewController.swift */,
				033D01CD2751F9D400B75564 /* Main.storyboard */,
				033D01D02751F9D600B75564 /* Assets.xcassets */,
				033D01D22751F9D600B75564 /* LaunchScreen.storyboard */,
				033D01D52751F9D600B75564 /* Info.plist */,
			);
			path = whatsThis;
			sourceTree = "<group>";
		};
		521D037927539B08005EF713 /* Model */ = {
			isa = PBXGroup;
			children = (
			);
			path = Model;
			sourceTree = "<group>";
		};
		521D037D27539B74005EF713 /* Image */ = {
			isa = PBXGroup;
			children = (
				521D037E27539B80005EF713 /* AlVw.gif */,
			);
			path = Image;
			sourceTree = "<group>";
		};
/* End PBXGroup section */

/* Begin PBXNativeTarget section */
		033D01C32751F9D400B75564 /* whatsThis */ = {
			isa = PBXNativeTarget;
			buildConfigurationList = 033D01D82751F9D600B75564 /* Build configuration list for PBXNativeTarget "whatsThis" */;
			buildPhases = (
				033D01C02751F9D400B75564 /* Sources */,
				033D01C12751F9D400B75564 /* Frameworks */,
				033D01C22751F9D400B75564 /* Resources */,
			);
			buildRules = (
			);
			dependencies = (
			);
			name = whatsThis;
			productName = whatsThis;
			productReference = 033D01C42751F9D400B75564 /* whatsThis.app */;
			productType = "com.apple.product-type.application";
		};
/* End PBXNativeTarget section */

/* Begin PBXProject section */
		033D01BC2751F9D400B75564 /* Project object */ = {
			isa = PBXProject;
			attributes = {
				LastSwiftUpdateCheck = 1240;
				LastUpgradeCheck = 1240;
				TargetAttributes = {
					033D01C32751F9D400B75564 = {
						CreatedOnToolsVersion = 12.4;
					};
				};
			};
			buildConfigurationList = 033D01BF2751F9D400B75564 /* Build configuration list for PBXProject "whatsThis" */;
			compatibilityVersion = "Xcode 9.3";
			developmentRegion = en;
			hasScannedForEncodings = 0;
			knownRegions = (
				en,
				Base,
			);
			mainGroup = 033D01BB2751F9D400B75564;
			productRefGroup = 033D01C52751F9D400B75564 /* Products */;
			projectDirPath = "";
			projectRoot = "";
			targets = (
				033D01C32751F9D400B75564 /* whatsThis */,
			);
		};
/* End PBXProject section */

/* Begin PBXResourcesBuildPhase section */
		033D01C22751F9D400B75564 /* Resources */ = {
			isa = PBXResourcesBuildPhase;
			buildActionMask = 2147483647;
			files = (
				033D01D42751F9D600B75564 /* LaunchScreen.storyboard in Resources */,
				033D01D12751F9D600B75564 /* Assets.xcassets in Resources */,
				521D037F27539B80005EF713 /* AlVw.gif in Resources */,
				033D01CF2751F9D400B75564 /* Main.storyboard in Resources */,
			);
			runOnlyForDeploymentPostprocessing = 0;
		};
/* End PBXResourcesBuildPhase section */

/* Begin PBXSourcesBuildPhase section */
		033D01C02751F9D400B75564 /* Sources */ = {
			isa = PBXSourcesBuildPhase;
			buildActionMask = 2147483647;
			files = (
				033D01CC2751F9D400B75564 /* ViewController.swift in Sources */,
				033D01C82751F9D400B75564 /* AppDelegate.swift in Sources */,
				033D01CA2751F9D400B75564 /* SceneDelegate.swift in Sources */,
			);
			runOnlyForDeploymentPostprocessing = 0;
		};
/* End PBXSourcesBuildPhase section */

/* Begin PBXVariantGroup section */
		033D01CD2751F9D400B75564 /* Main.storyboard */ = {
			isa = PBXVariantGroup;
			children = (
				033D01CE2751F9D400B75564 /* Base */,
			);
			name = Main.storyboard;
			sourceTree = "<group>";
		};
		033D01D22751F9D600B75564 /* LaunchScreen.storyboard */ = {
			isa = PBXVariantGroup;
			children = (
				033D01D32751F9D600B75564 /* Base */,
			);
			name = LaunchScreen.storyboard;
			sourceTree = "<group>";
		};
/* End PBXVariantGroup section */

/* Begin XCBuildConfiguration section */
		033D01D62751F9D600B75564 /* Debug */ = {
			isa = XCBuildConfiguration;
			buildSettings = {
				ALWAYS_SEARCH_USER_PATHS = NO;
				CLANG_ANALYZER_NONNULL = YES;
				CLANG_ANALYZER_NUMBER_OBJECT_CONVERSION = YES_AGGRESSIVE;
				CLANG_CXX_LANGUAGE_STANDARD = "gnu++14";
				CLANG_CXX_LIBRARY = "libc++";
				CLANG_ENABLE_MODULES = YES;
				CLANG_ENABLE_OBJC_ARC = YES;
				CLANG_ENABLE_OBJC_WEAK = YES;
				CLANG_WARN_BLOCK_CAPTURE_AUTORELEASING = YES;
				CLANG_WARN_BOOL_CONVERSION = YES;
				CLANG_WARN_COMMA = YES;
				CLANG_WARN_CONSTANT_CONVERSION = YES;
				CLANG_WARN_DEPRECATED_OBJC_IMPLEMENTATIONS = YES;
				CLANG_WARN_DIRECT_OBJC_ISA_USAGE = YES_ERROR;
				CLANG_WARN_DOCUMENTATION_COMMENTS = YES;
				CLANG_WARN_EMPTY_BODY = YES;
				CLANG_WARN_ENUM_CONVERSION = YES;
				CLANG_WARN_INFINITE_RECURSION = YES;
				CLANG_WARN_INT_CONVERSION = YES;
				CLANG_WARN_NON_LITERAL_NULL_CONVERSION = YES;
				CLANG_WARN_OBJC_IMPLICIT_RETAIN_SELF = YES;
				CLANG_WARN_OBJC_LITERAL_CONVERSION = YES;
				CLANG_WARN_OBJC_ROOT_CLASS = YES_ERROR;
				CLANG_WARN_QUOTED_INCLUDE_IN_FRAMEWORK_HEADER = YES;
				CLANG_WARN_RANGE_LOOP_ANALYSIS = YES;
				CLANG_WARN_STRICT_PROTOTYPES = YES;
				CLANG_WARN_SUSPICIOUS_MOVE = YES;
				CLANG_WARN_UNGUARDED_AVAILABILITY = YES_AGGRESSIVE;
				CLANG_WARN_UNREACHABLE_CODE = YES;
				CLANG_WARN__DUPLICATE_METHOD_MATCH = YES;
				COPY_PHASE_STRIP = NO;
				DEBUG_INFORMATION_FORMAT = dwarf;
				ENABLE_STRICT_OBJC_MSGSEND = YES;
				ENABLE_TESTABILITY = YES;
				GCC_C_LANGUAGE_STANDARD = gnu11;
				GCC_DYNAMIC_NO_PIC = NO;
				GCC_NO_COMMON_BLOCKS = YES;
				GCC_OPTIMIZATION_LEVEL = 0;
				GCC_PREPROCESSOR_DEFINITIONS = (
					"DEBUG=1",
					"$(inherited)",
				);
				GCC_WARN_64_TO_32_BIT_CONVERSION = YES;
				GCC_WARN_ABOUT_RETURN_TYPE = YES_ERROR;
				GCC_WARN_UNDECLARED_SELECTOR = YES;
				GCC_WARN_UNINITIALIZED_AUTOS = YES_AGGRESSIVE;
				GCC_WARN_UNUSED_FUNCTION = YES;
				GCC_WARN_UNUSED_VARIABLE = YES;
				IPHONEOS_DEPLOYMENT_TARGET = 14.4;
				MTL_ENABLE_DEBUG_INFO = INCLUDE_SOURCE;
				MTL_FAST_MATH = YES;
				ONLY_ACTIVE_ARCH = YES;
				SDKROOT = iphoneos;
				SWIFT_ACTIVE_COMPILATION_CONDITIONS = DEBUG;
				SWIFT_OPTIMIZATION_LEVEL = "-Onone";
			};
			name = Debug;
		};
		033D01D72751F9D600B75564 /* Release */ = {
			isa = XCBuildConfiguration;
			buildSettings = {
				ALWAYS_SEARCH_USER_PATHS = NO;
				CLANG_ANALYZER_NONNULL = YES;
				CLANG_ANALYZER_NUMBER_OBJECT_CONVERSION = YES_AGGRESSIVE;
				CLANG_CXX_LANGUAGE_STANDARD = "gnu++14";
				CLANG_CXX_LIBRARY = "libc++";
				CLANG_ENABLE_MODULES = YES;
				CLANG_ENABLE_OBJC_ARC = YES;
				CLANG_ENABLE_OBJC_WEAK = YES;
				CLANG_WARN_BLOCK_CAPTURE_AUTORELEASING = YES;
				CLANG_WARN_BOOL_CONVERSION = YES;
				CLANG_WARN_COMMA = YES;
				CLANG_WARN_CONSTANT_CONVERSION = YES;
				CLANG_WARN_DEPRECATED_OBJC_IMPLEMENTATIONS = YES;
				CLANG_WARN_DIRECT_OBJC_ISA_USAGE = YES_ERROR;
				CLANG_WARN_DOCUMENTATION_COMMENTS = YES;
				CLANG_WARN_EMPTY_BODY = YES;
				CLANG_WARN_ENUM_CONVERSION = YES;
				CLANG_WARN_INFINITE_RECURSION = YES;
				CLANG_WARN_INT_CONVERSION = YES;
				CLANG_WARN_NON_LITERAL_NULL_CONVERSION = YES;
				CLANG_WARN_OBJC_IMPLICIT_RETAIN_SELF = YES;
				CLANG_WARN_OBJC_LITERAL_CONVERSION = YES;
				CLANG_WARN_OBJC_ROOT_CLASS = YES_ERROR;
				CLANG_WARN_QUOTED_INCLUDE_IN_FRAMEWORK_HEADER = YES;
				CLANG_WARN_RANGE_LOOP_ANALYSIS = YES;
				CLANG_WARN_STRICT_PROTOTYPES = YES;
				CLANG_WARN_SUSPICIOUS_MOVE = YES;
				CLANG_WARN_UNGUARDED_AVAILABILITY = YES_AGGRESSIVE;
				CLANG_WARN_UNREACHABLE_CODE = YES;
				CLANG_WARN__DUPLICATE_METHOD_MATCH = YES;
				COPY_PHASE_STRIP = NO;
				DEBUG_INFORMATION_FORMAT = "dwarf-with-dsym";
				ENABLE_NS_ASSERTIONS = NO;
				ENABLE_STRICT_OBJC_MSGSEND = YES;
				GCC_C_LANGUAGE_STANDARD = gnu11;
				GCC_NO_COMMON_BLOCKS = YES;
				GCC_WARN_64_TO_32_BIT_CONVERSION = YES;
				GCC_WARN_ABOUT_RETURN_TYPE = YES_ERROR;
				GCC_WARN_UNDECLARED_SELECTOR = YES;
				GCC_WARN_UNINITIALIZED_AUTOS = YES_AGGRESSIVE;
				GCC_WARN_UNUSED_FUNCTION = YES;
				GCC_WARN_UNUSED_VARIABLE = YES;
				IPHONEOS_DEPLOYMENT_TARGET = 14.4;
				MTL_ENABLE_DEBUG_INFO = NO;
				MTL_FAST_MATH = YES;
				SDKROOT = iphoneos;
				SWIFT_COMPILATION_MODE = wholemodule;
				SWIFT_OPTIMIZATION_LEVEL = "-O";
				VALIDATE_PRODUCT = YES;
			};
			name = Release;
		};
		033D01D92751F9D600B75564 /* Debug */ = {
			isa = XCBuildConfiguration;
			buildSettings = {
				ASSETCATALOG_COMPILER_APPICON_NAME = AppIcon;
				ASSETCATALOG_COMPILER_GLOBAL_ACCENT_COLOR_NAME = AccentColor;
				CODE_SIGN_STYLE = Automatic;
				DEVELOPMENT_TEAM = 76R96GR5TQ;
				INFOPLIST_FILE = whatsThis/Info.plist;
				IPHONEOS_DEPLOYMENT_TARGET = 13.0;
				LD_RUNPATH_SEARCH_PATHS = (
					"$(inherited)",
					"@executable_path/Frameworks",
				);
				PRODUCT_BUNDLE_IDENTIFIER = thanksTeam.whatsThis;
				PRODUCT_NAME = "$(TARGET_NAME)";
				SWIFT_VERSION = 5.0;
				TARGETED_DEVICE_FAMILY = "1,2";
			};
			name = Debug;
		};
		033D01DA2751F9D600B75564 /* Release */ = {
			isa = XCBuildConfiguration;
			buildSettings = {
				ASSETCATALOG_COMPILER_APPICON_NAME = AppIcon;
				ASSETCATALOG_COMPILER_GLOBAL_ACCENT_COLOR_NAME = AccentColor;
				CODE_SIGN_STYLE = Automatic;
				DEVELOPMENT_TEAM = 76R96GR5TQ;
				INFOPLIST_FILE = whatsThis/Info.plist;
				IPHONEOS_DEPLOYMENT_TARGET = 13.0;
				LD_RUNPATH_SEARCH_PATHS = (
					"$(inherited)",
					"@executable_path/Frameworks",
				);
				PRODUCT_BUNDLE_IDENTIFIER = thanksTeam.whatsThis;
				PRODUCT_NAME = "$(TARGET_NAME)";
				SWIFT_VERSION = 5.0;
				TARGETED_DEVICE_FAMILY = "1,2";
			};
			name = Release;
		};
/* End XCBuildConfiguration section */

/* Begin XCConfigurationList section */
		033D01BF2751F9D400B75564 /* Build configuration list for PBXProject "whatsThis" */ = {
			isa = XCConfigurationList;
			buildConfigurations = (
				033D01D62751F9D600B75564 /* Debug */,
				033D01D72751F9D600B75564 /* Release */,
			);
			defaultConfigurationIsVisible = 0;
			defaultConfigurationName = Release;
		};
		033D01D82751F9D600B75564 /* Build configuration list for PBXNativeTarget "whatsThis" */ = {
			isa = XCConfigurationList;
			buildConfigurations = (
				033D01D92751F9D600B75564 /* Debug */,
				033D01DA2751F9D600B75564 /* Release */,
			);
			defaultConfigurationIsVisible = 0;
			defaultConfigurationName = Release;
		};
/* End XCConfigurationList section */
	};
	rootObject = 033D01BC2751F9D400B75564 /* Project object */;
}
